
Microsoft Visual Studio Solution File, Format Version 12.00
# Visual Studio Version 17
VisualStudioVersion = 17.9.34622.214
MinimumVisualStudioVersion = 10.0.40219.1
Project("{FAE04EC0-301F-11D3-BF4B-00C04F79EFBC}") = "Single Page Application", "Single Page Application.csproj", "{7C2CB11B-41CE-4F2C-A7AA-8218EA3EE914}"
EndProject
Project("{2150E333-8FDC-42A3-9474-1A3956D46DE8}") = "wwwroot", "wwwroot", "{61BE71AF-E9B9-4E8F-A74A-3B72D3EDA300}"
	ProjectSection(SolutionItems) = preProject
		index.html = index.html
	EndProjectSection
EndProject
Project("{2150E333-8FDC-42A3-9474-1A3956D46DE8}") = "img", "img", "{AE0D869B-47F4-4E11-82E6-AA17DF7B4B15}"
EndProject
Project("{2150E333-8FDC-42A3-9474-1A3956D46DE8}") = "css", "css", "{4CB84A2C-20A1-49AE-ABA1-AE332D23CDD3}"
EndProject
Project("{2150E333-8FDC-42A3-9474-1A3956D46DE8}") = "js", "js", "{31C803CB-1505-4936-B5CB-F33D15749B1C}"
EndProject
Global
	GlobalSection(SolutionConfigurationPlatforms) = preSolution
		Debug|Any CPU = Debug|Any CPU
		Release|Any CPU = Release|Any CPU
	EndGlobalSection
	GlobalSection(ProjectConfigurationPlatforms) = postSolution
		{7C2CB11B-41CE-4F2C-A7AA-8218EA3EE914}.Debug|Any CPU.ActiveCfg = Debug|Any CPU
		{7C2CB11B-41CE-4F2C-A7AA-8218EA3EE914}.Debug|Any CPU.Build.0 = Debug|Any CPU
		{7C2CB11B-41CE-4F2C-A7AA-8218EA3EE914}.Release|Any CPU.ActiveCfg = Release|Any CPU
		{7C2CB11B-41CE-4F2C-A7AA-8218EA3EE914}.Release|Any CPU.Build.0 = Release|Any CPU
	EndGlobalSection
	GlobalSection(SolutionProperties) = preSolution
		HideSolutionNode = FALSE
	EndGlobalSection
	GlobalSection(NestedProjects) = preSolution
		{AE0D869B-47F4-4E11-82E6-AA17DF7B4B15} = {61BE71AF-E9B9-4E8F-A74A-3B72D3EDA300}
		{4CB84A2C-20A1-49AE-ABA1-AE332D23CDD3} = {61BE71AF-E9B9-4E8F-A74A-3B72D3EDA300}
		{31C803CB-1505-4936-B5CB-F33D15749B1C} = {61BE71AF-E9B9-4E8F-A74A-3B72D3EDA300}
	EndGlobalSection
	GlobalSection(ExtensibilityGlobals) = postSolution
		SolutionGuid = {61004532-B49B-463E-87F8-511BB5C16669}
	EndGlobalSection
EndGlobal
